{
  "name": "HotelContinental",
  "lockfileVersion": 3,
  "requires": true,
  "packages": {
    "": {
      "dependencies": {
        "keycloak-js": "^26.2.3"
      },
      "devDependencies": {
        "@types/keycloak-js": "^3.4.1"
      }
    },
    "node_modules/@types/keycloak-js": {
      "version": "3.4.1",
      "resolved": "https://registry.npmjs.org/@types/keycloak-js/-/keycloak-js-3.4.1.tgz",
      "integrity": "sha512-uWB18tdjmnABDxfS7XQULAy4rrL7mGxy1SN+ijvHJPbcIAhtZWqcJHrcMKruw7Eh4TKnLlK+vmIEmZDtpHFQmA==",
      "deprecated": "This is a stub types definition for keycloak-js (https://github.com/keycloak/keycloak). keycloak-js provides its own type definitions, so you don't need @types/keycloak-js installed!",
      "dev": true,
      "dependencies": {
        "keycloak-js": "*"
      }
    },
    "node_modules/keycloak-js": {
      "version": "26.2.3",
      "resolved": "https://registry.npmjs.org/keycloak-js/-/keycloak-js-26.2.3.tgz",
      "integrity": "sha512-widjzw/9T6bHRgEp6H/Se3NCCarU7u5CwFKBcwtu7xfA1IfdZb+7Q7/KGusAnBo34Vtls8Oz9vzSqkQvQ7+b4Q==",
      "workspaces": [
        "test"
      ]
    }
  }
}
